
Microsoft Visual Studio Solution File, Format Version 12.00
# Visual Studio Version 17
VisualStudioVersion = 17.10.35004.147
MinimumVisualStudioVersion = 10.0.40219.1
Project("{FAE04EC0-301F-11D3-BF4B-00C04F79EFBC}") = "IntegrationRabbitMQ.WebApi", "IntegrationRabbitMQ.WebApi\IntegrationRabbitMQ.WebApi.csproj", "{01BF86F0-D4E5-4835-866D-08D69BE1713E}"
EndProject
Global
	GlobalSection(SolutionConfigurationPlatforms) = preSolution
		Debug|Any CPU = Debug|Any CPU
		Release|Any CPU = Release|Any CPU
	EndGlobalSection
	GlobalSection(ProjectConfigurationPlatforms) = postSolution
		{01BF86F0-D4E5-4835-866D-08D69BE1713E}.Debug|Any CPU.ActiveCfg = Debug|Any CPU
		{01BF86F0-D4E5-4835-866D-08D69BE1713E}.Debug|Any CPU.Build.0 = Debug|Any CPU
		{01BF86F0-D4E5-4835-866D-08D69BE1713E}.Release|Any CPU.ActiveCfg = Release|Any CPU
		{01BF86F0-D4E5-4835-866D-08D69BE1713E}.Release|Any CPU.Build.0 = Release|Any CPU
	EndGlobalSection
	GlobalSection(SolutionProperties) = preSolution
		HideSolutionNode = FALSE
	EndGlobalSection
	GlobalSection(ExtensibilityGlobals) = postSolution
		SolutionGuid = {2FFD9525-59A0-4A4B-86F1-1B7F7084B669}
	EndGlobalSection
EndGlobal
